
Microsoft Visual Studio Solution File, Format Version 12.00
# Visual Studio 15
VisualStudioVersion = 15.0.28307.421
MinimumVisualStudioVersion = 10.0.40219.1
Project("{2150E333-8FDC-42A3-9474-1A3956D46DE8}") = "10. Models", "10. Models", "{5BDC8930-4403-4747-BA48-E9AC53320792}"
EndProject
Project("{2150E333-8FDC-42A3-9474-1A3956D46DE8}") = "20. Core", "20. Core", "{E831C910-34E4-4A04-A4F5-C3BE884C05B9}"
EndProject
Project("{2150E333-8FDC-42A3-9474-1A3956D46DE8}") = "30. Data", "30. Data", "{426CE67E-21E0-461A-88D0-678548C71D5D}"
	ProjectSection(SolutionItems) = preProject
		not-used.txt = not-used.txt
	EndProjectSection
EndProject
Project("{2150E333-8FDC-42A3-9474-1A3956D46DE8}") = "40. Business", "40. Business", "{189CC279-237F-4038-AAA3-EA207E0A668B}"
EndProject
Project("{2150E333-8FDC-42A3-9474-1A3956D46DE8}") = "50. Services", "50. Services", "{78F5ADFC-0EDE-4825-B006-7B54C24534E6}"
EndProject
Project("{2150E333-8FDC-42A3-9474-1A3956D46DE8}") = "70. UI", "70. UI", "{4CF99612-C259-431E-B0CF-7A487AB8AF95}"
EndProject
Project("{9A19103F-16F7-4668-BE54-9A1E7A4F7556}") = "AGL.DeveloperTest.Core", "AGL.DeveloperTest.Core\AGL.DeveloperTest.Core.csproj", "{11403D49-C6AD-440A-A15A-E6620F689BEB}"
EndProject
Project("{2150E333-8FDC-42A3-9474-1A3956D46DE8}") = "Solution Items", "Solution Items", "{6FB5DC64-0D0D-43F1-B6CB-B720AEE8BD95}"
	ProjectSection(SolutionItems) = preProject
		README.md = README.md
	EndProjectSection
EndProject
Project("{9A19103F-16F7-4668-BE54-9A1E7A4F7556}") = "AGL.DeveloperTest.XUnitTests", "AGL.DeveloperTest.XUnitTests\AGL.DeveloperTest.XUnitTests.csproj", "{940C91BE-77E1-4CC9-8D91-B6C8B13C9CA4}"
EndProject
Project("{9A19103F-16F7-4668-BE54-9A1E7A4F7556}") = "AGL.DeveloperTest.Models", "AGL.DeveloperTest.Models\AGL.DeveloperTest.Models.csproj", "{9EB5CDE5-BCA2-49F5-977A-CBF03365F40E}"
EndProject
Project("{9A19103F-16F7-4668-BE54-9A1E7A4F7556}") = "AGL.DeveloperTest.Business", "AGL.DeveloperTest.Business\AGL.DeveloperTest.Business.csproj", "{A834BBD3-7897-4B1A-B617-0ACFD8A12CED}"
EndProject
Project("{2150E333-8FDC-42A3-9474-1A3956D46DE8}") = "60. API", "60. API", "{807FD079-4C8A-45F4-9AFB-DE51B4658605}"
	ProjectSection(SolutionItems) = preProject
		not-used.txt = not-used.txt
	EndProjectSection
EndProject
Project("{2150E333-8FDC-42A3-9474-1A3956D46DE8}") = "80. Tests", "80. Tests", "{72D88E8A-5B02-48B2-9B50-AF568B7DEAD0}"
EndProject
Project("{9A19103F-16F7-4668-BE54-9A1E7A4F7556}") = "AGL.DeveloperTest.ConsoleTester", "AGL.DeveloperTest.ConsoleTester\AGL.DeveloperTest.ConsoleTester.csproj", "{D4F67EFB-9C7E-458E-9DC1-72494BFE4346}"
EndProject
Project("{9A19103F-16F7-4668-BE54-9A1E7A4F7556}") = "AGL.DeveloperTest.Services", "AGL.DeveloperTest.Services\AGL.DeveloperTest.Services.csproj", "{0DB58F3D-1D61-404E-A648-F6B7819223A7}"
EndProject
Global
	GlobalSection(SolutionConfigurationPlatforms) = preSolution
		Debug|Any CPU = Debug|Any CPU
		Release|Any CPU = Release|Any CPU
	EndGlobalSection
	GlobalSection(ProjectConfigurationPlatforms) = postSolution
		{11403D49-C6AD-440A-A15A-E6620F689BEB}.Debug|Any CPU.ActiveCfg = Debug|Any CPU
		{11403D49-C6AD-440A-A15A-E6620F689BEB}.Debug|Any CPU.Build.0 = Debug|Any CPU
		{11403D49-C6AD-440A-A15A-E6620F689BEB}.Release|Any CPU.ActiveCfg = Release|Any CPU
		{11403D49-C6AD-440A-A15A-E6620F689BEB}.Release|Any CPU.Build.0 = Release|Any CPU
		{940C91BE-77E1-4CC9-8D91-B6C8B13C9CA4}.Debug|Any CPU.ActiveCfg = Debug|Any CPU
		{940C91BE-77E1-4CC9-8D91-B6C8B13C9CA4}.Debug|Any CPU.Build.0 = Debug|Any CPU
		{940C91BE-77E1-4CC9-8D91-B6C8B13C9CA4}.Release|Any CPU.ActiveCfg = Release|Any CPU
		{940C91BE-77E1-4CC9-8D91-B6C8B13C9CA4}.Release|Any CPU.Build.0 = Release|Any CPU
		{9EB5CDE5-BCA2-49F5-977A-CBF03365F40E}.Debug|Any CPU.ActiveCfg = Debug|Any CPU
		{9EB5CDE5-BCA2-49F5-977A-CBF03365F40E}.Debug|Any CPU.Build.0 = Debug|Any CPU
		{9EB5CDE5-BCA2-49F5-977A-CBF03365F40E}.Release|Any CPU.ActiveCfg = Release|Any CPU
		{9EB5CDE5-BCA2-49F5-977A-CBF03365F40E}.Release|Any CPU.Build.0 = Release|Any CPU
		{A834BBD3-7897-4B1A-B617-0ACFD8A12CED}.Debug|Any CPU.ActiveCfg = Debug|Any CPU
		{A834BBD3-7897-4B1A-B617-0ACFD8A12CED}.Debug|Any CPU.Build.0 = Debug|Any CPU
		{A834BBD3-7897-4B1A-B617-0ACFD8A12CED}.Release|Any CPU.ActiveCfg = Release|Any CPU
		{A834BBD3-7897-4B1A-B617-0ACFD8A12CED}.Release|Any CPU.Build.0 = Release|Any CPU
		{D4F67EFB-9C7E-458E-9DC1-72494BFE4346}.Debug|Any CPU.ActiveCfg = Debug|Any CPU
		{D4F67EFB-9C7E-458E-9DC1-72494BFE4346}.Debug|Any CPU.Build.0 = Debug|Any CPU
		{D4F67EFB-9C7E-458E-9DC1-72494BFE4346}.Release|Any CPU.ActiveCfg = Release|Any CPU
		{D4F67EFB-9C7E-458E-9DC1-72494BFE4346}.Release|Any CPU.Build.0 = Release|Any CPU
		{0DB58F3D-1D61-404E-A648-F6B7819223A7}.Debug|Any CPU.ActiveCfg = Debug|Any CPU
		{0DB58F3D-1D61-404E-A648-F6B7819223A7}.Debug|Any CPU.Build.0 = Debug|Any CPU
		{0DB58F3D-1D61-404E-A648-F6B7819223A7}.Release|Any CPU.ActiveCfg = Release|Any CPU
		{0DB58F3D-1D61-404E-A648-F6B7819223A7}.Release|Any CPU.Build.0 = Release|Any CPU
	EndGlobalSection
	GlobalSection(SolutionProperties) = preSolution
		HideSolutionNode = FALSE
	EndGlobalSection
	GlobalSection(NestedProjects) = preSolution
		{11403D49-C6AD-440A-A15A-E6620F689BEB} = {E831C910-34E4-4A04-A4F5-C3BE884C05B9}
		{940C91BE-77E1-4CC9-8D91-B6C8B13C9CA4} = {72D88E8A-5B02-48B2-9B50-AF568B7DEAD0}
		{9EB5CDE5-BCA2-49F5-977A-CBF03365F40E} = {5BDC8930-4403-4747-BA48-E9AC53320792}
		{A834BBD3-7897-4B1A-B617-0ACFD8A12CED} = {189CC279-237F-4038-AAA3-EA207E0A668B}
		{D4F67EFB-9C7E-458E-9DC1-72494BFE4346} = {4CF99612-C259-431E-B0CF-7A487AB8AF95}
		{0DB58F3D-1D61-404E-A648-F6B7819223A7} = {78F5ADFC-0EDE-4825-B006-7B54C24534E6}
	EndGlobalSection
	GlobalSection(ExtensibilityGlobals) = postSolution
		SolutionGuid = {3AD047D8-2329-4BFC-9CE7-FF0F55B8CB46}
	EndGlobalSection
EndGlobal
